[renv]
Version=0.4.0-16

[R]
Version=3.5.3
Repositories=
	CRAN=https://cran.rstudio.com/

[R/Package/BH]
Package=BH
Version=1.69.0-1
Source=CRAN
Hash=c21ff57827acd7a1e150943fa1264677

[R/Package/DBI]
Package=DBI
Version=1.0.0
Source=CRAN
Hash=94e14b1b10cd45c8f57027d484724e4d

[R/Package/DT]
Package=DT
Version=0.6
Source=CRAN
Hash=2c66b9a1a9066f96d5d54590373be19b

[R/Package/MASS]
Package=MASS
Version=7.3-51.1
Source=CRAN
Hash=bafa10bf20a0212fb5dcf297feca0a5b

[R/Package/Matrix]
Package=Matrix
Version=1.2-15
Source=CRAN
Hash=3f14dad0b07de3177209b666c6835170

[R/Package/R6]
Package=R6
Version=2.4.0
Source=CRAN
Hash=f542e196103d43e270c2f12769143a4c

[R/Package/RColorBrewer]
Package=RColorBrewer
Version=1.1-2
Source=CRAN
Hash=e12d9efbd8540624beb948405e496adf

[R/Package/RSQLite]
Package=RSQLite
Version=2.1.1
Source=CRAN
Hash=b01cef796fb06b93f1928f27caf6a46a

[R/Package/Rcpp]
Package=Rcpp
Version=1.0.1
Source=CRAN
Hash=afc83bf2a529ebac3a0ac6434772b1c7

[R/Package/askpass]
Package=askpass
Version=1.1
Source=CRAN
Hash=8cf7584c364ebfbd3b84154a0fd0c18d

[R/Package/assertthat]
Package=assertthat
Version=0.2.1
Source=CRAN
Hash=2247b53bdc6a80930cc84f85fb0d04e1

[R/Package/backports]
Package=backports
Version=1.1.4
Source=CRAN
Hash=41bcc4f617da2138bedeab2949b22319

[R/Package/base64enc]
Package=base64enc
Version=0.1-3
Source=CRAN
Hash=9e74499ff4cb4233042ed2d5c662423e

[R/Package/bit]
Package=bit
Version=1.1-14
Source=CRAN
Hash=fd28fab46b69714cd892877d10982498

[R/Package/bit64]
Package=bit64
Version=0.9-7
Source=CRAN
Hash=9f8528f10006714d6188b3abae478dbc

[R/Package/blob]
Package=blob
Version=1.1.1
Source=CRAN
Hash=822993362414f514630f6f3c1089077f

[R/Package/broom]
Package=broom
Version=0.5.2
Source=CRAN
Hash=b7b1f5fe445d9f7f50f2ca104c2d50f0

[R/Package/callr]
Package=callr
Version=3.2.0
Source=CRAN
Hash=0b7fee40594a684a5c3f31f94fd7221f

[R/Package/cellranger]
Package=cellranger
Version=1.1.0
Source=CRAN
Hash=641af90204a29039f406800bbbcaccbb

[R/Package/cli]
Package=cli
Version=1.1.0
Source=CRAN
Hash=eedaa1f888777090cdd93d19cb42fdca

[R/Package/clipr]
Package=clipr
Version=0.6.0
Source=CRAN
Hash=5490c3928fef3d47b801bb7a0aa00310

[R/Package/colorspace]
Package=colorspace
Version=1.4-1
Source=CRAN
Hash=705e3eac14c352ff8250ec9c7481c33d

[R/Package/crayon]
Package=crayon
Version=1.3.4
Source=CRAN
Hash=84467438184915ca5bbf3279e1a56b44

[R/Package/crosstalk]
Package=crosstalk
Version=1.0.0
Source=CRAN
Hash=6af20710cd4fbb15d35011a15d3c8187

[R/Package/curl]
Package=curl
Version=3.3
Source=CRAN
Hash=aaea072ce2cf5f388446650b475874a8

[R/Package/data.table]
Package=data.table
Version=1.12.2
Source=CRAN
Hash=81fb3d067d9a28e930293e9d7bf90366

[R/Package/dbplyr]
Package=dbplyr
Version=1.4.0
Source=CRAN
Hash=88d4954855ea207c63ff49455dd2a957

[R/Package/digest]
Package=digest
Version=0.6.18
Source=CRAN
Hash=3a0646cd1e9116f7bf03ca88e1e562f8

[R/Package/dplyr]
Package=dplyr
Version=0.8.1
Source=CRAN
Hash=9113b597915157431fc7973b9a02c8c2

[R/Package/eidith]
Package=eidith
Version=0.4.1
Source=GitHub
RemoteType=github
RemoteHost=api.github.com
RemoteRepo=eidith
RemoteUsername=ecohealthalliance
RemoteRef=modules
RemoteSha=c49a9a584bc6caba3e4e01f55d28b31549b5d5a8
Hash=7e19d029eef75decd430db4a1c698022

[R/Package/ellipsis]
Package=ellipsis
Version=0.1.0
Source=CRAN
Hash=96a1d327cde7b62384e813efa56c7569

[R/Package/evaluate]
Package=evaluate
Version=0.13
Source=CRAN
Hash=687849698546dfab747033af2825b33b

[R/Package/fansi]
Package=fansi
Version=0.4.0
Source=CRAN
Hash=ed266fd17df944c53786d83841c4770f

[R/Package/flextable]
Package=flextable
Version=0.5.4
Source=CRAN
Hash=57456c55e733d7766afb4cb2bee3656f

[R/Package/forcats]
Package=forcats
Version=0.4.0
Source=CRAN
Hash=49d43119d9cb0c40c7fc3848967b5615

[R/Package/fs]
Package=fs
Version=1.3.1
Source=CRAN
Hash=2e1fdf488812a11818c914027dbd9720

[R/Package/gdtools]
Package=gdtools
Version=0.1.8
Source=CRAN
Hash=e1e5bf3b6aec903047c690b115cdf493

[R/Package/generics]
Package=generics
Version=0.0.2
Source=CRAN
Hash=ec7ea29aaff6c6403707ca8037de62e2

[R/Package/getPass]
Package=getPass
Version=0.2-2
Source=CRAN
Hash=d3ad8addeb7afd0b2ed7804d94f0915f

[R/Package/ggplot2]
Package=ggplot2
Version=3.1.1
Source=CRAN
Hash=697553cc988603532e9800d36a58de41

[R/Package/glue]
Package=glue
Version=1.3.1
Source=CRAN
Hash=9611ef23b274cfa43c85839a183948dc

[R/Package/gtable]
Package=gtable
Version=0.3.0
Source=CRAN
Hash=a20c2bde56b0b3a359ec5e46df1f70af

[R/Package/haven]
Package=haven
Version=2.1.0
Source=CRAN
Hash=26765998f1edb9ce9aa4ce6e51091832

[R/Package/here]
Package=here
Version=0.1
Source=CRAN
Hash=8108d43164849b951a38e7035b51c002

[R/Package/highr]
Package=highr
Version=0.8
Source=CRAN
Hash=b065e59a9c15cb94d07d1390f7e0e81c

[R/Package/hms]
Package=hms
Version=0.4.2
Source=CRAN
Hash=f5f7d85bc2f835b6ed2990d5ba43276d

[R/Package/htmltools]
Package=htmltools
Version=0.3.6
Source=CRAN
Hash=b51a95de8992a1ffae14c4152b66f56e

[R/Package/htmlwidgets]
Package=htmlwidgets
Version=1.3
Source=CRAN
Hash=482765fce33370e4ac314493d9d6c46f

[R/Package/httpuv]
Package=httpuv
Version=1.5.1
Source=CRAN
Hash=172a8ab0ae3be5a209f4abcc57ffa91b

[R/Package/httr]
Package=httr
Version=1.4.0
Source=CRAN
Hash=dacc39276974a4b2342659368a7b623b

[R/Package/janitor]
Package=janitor
Version=1.2.0
Source=CRAN
Hash=80062b0d02d9aa764797414d483c8b4a

[R/Package/jsonlite]
Package=jsonlite
Version=1.6
Source=CRAN
Hash=9098f8f59907a1180f3a2ff469cd67f2

[R/Package/kableExtra]
Package=kableExtra
Version=1.1.0
Source=CRAN
Hash=67d23553c06a01b277b672a309066e39

[R/Package/knitr]
Package=knitr
Version=1.22
Source=CRAN
Hash=9484d20ee987017c7c9ceb97c1739d27

[R/Package/labeling]
Package=labeling
Version=0.3
Source=CRAN
Hash=701b56435d3771d042b816ff1abb9944

[R/Package/later]
Package=later
Version=0.8.0
Source=CRAN
Hash=f903869140080b78237cac16e3bcf869

[R/Package/lattice]
Package=lattice
Version=0.20-38
Source=CRAN
Hash=ab950ea929b83c44eeba6ce00e280f9a

[R/Package/lazyeval]
Package=lazyeval
Version=0.2.2
Source=CRAN
Hash=a230d72a95d16715973ad2ae0664cfc0

[R/Package/lubridate]
Package=lubridate
Version=1.7.4
Source=CRAN
Hash=a029e4bbebf820cb061be3eede251988

[R/Package/magrittr]
Package=magrittr
Version=1.5
Source=CRAN
Hash=1063976a6affe09eb75fc2927b8d4d9d

[R/Package/markdown]
Package=markdown
Version=0.9
Source=CRAN
Hash=e7eb392ca6f903c18fa50e1fc88d617a

[R/Package/memoise]
Package=memoise
Version=1.1.0
Source=CRAN
Hash=69e69a93c4521440b176fa74be579356

[R/Package/mgcv]
Package=mgcv
Version=1.8-27
Source=CRAN
Hash=0a4766473f879000321f7826f52d0309

[R/Package/mime]
Package=mime
Version=0.6
Source=CRAN
Hash=976803fdcdc85d33c36218b44156e1c1

[R/Package/modelr]
Package=modelr
Version=0.1.4
Source=CRAN
Hash=5d67e611190c0e991419ffe342df0658

[R/Package/munsell]
Package=munsell
Version=0.5.0
Source=CRAN
Hash=504a3c6bd8b5b9c1f4dd9065ead25c9a

[R/Package/nlme]
Package=nlme
Version=3.1-137
Source=CRAN
Hash=7467c94bb956dbfe03f05ceb944d18f4

[R/Package/officer]
Package=officer
Version=0.3.4
Source=CRAN
Hash=408f556e6fe3cb73d2b3eded02f4c07f

[R/Package/openssl]
Package=openssl
Version=1.3
Source=CRAN
Hash=54c10fdc44f59c4a2ee530ff8bc0073b

[R/Package/pillar]
Package=pillar
Version=1.4.0
Source=CRAN
Hash=ab24a91457c281639475bc2b335a8de7

[R/Package/pkgconfig]
Package=pkgconfig
Version=2.0.2
Source=CRAN
Hash=cb8f27ad9e671904636c04acd56131f0

[R/Package/plogr]
Package=plogr
Version=0.2.0
Source=CRAN
Hash=a99927b0b9c09008dd207da128bb050f

[R/Package/plyr]
Package=plyr
Version=1.8.4
Source=CRAN
Hash=22a149ed250857f9159e7ed078ea94a6

[R/Package/prettyunits]
Package=prettyunits
Version=1.0.2
Source=CRAN
Hash=d6f0227d29f17a4a8a73bbad025adab5

[R/Package/processx]
Package=processx
Version=3.3.1
Source=CRAN
Hash=c6501964a8e3b3467fda6f30b3166a42

[R/Package/progress]
Package=progress
Version=1.2.1
Source=CRAN
Hash=6cafeadccf0d750c4f1214de648ebded

[R/Package/promises]
Package=promises
Version=1.0.1
Source=CRAN
Hash=7288c7de35370404d6c2bcfabac48c3c

[R/Package/ps]
Package=ps
Version=1.3.0
Source=CRAN
Hash=4a21b2c9033d140e122ed23d16592f22

[R/Package/purrr]
Package=purrr
Version=0.3.2
Source=CRAN
Hash=27e0729a3fe0e9a66f6a53f677dda4f8

[R/Package/rappdirs]
Package=rappdirs
Version=0.3.1
Source=CRAN
Hash=48312ab82b6c1602b83211ee500f783d

[R/Package/readr]
Package=readr
Version=1.3.1
Source=CRAN
Hash=2611ed0db33c461567329314edd04bc5

[R/Package/readxl]
Package=readxl
Version=1.3.1
Source=CRAN
Hash=ed486d4862f0f4b7eced259ac289eda8

[R/Package/rematch]
Package=rematch
Version=1.0.1
Source=CRAN
Hash=a64ac0bf7d11782324b6d3acb62f7760

[R/Package/reprex]
Package=reprex
Version=0.2.1
Source=CRAN
Hash=1aa9beeb37dc544f5d69a0076bc4d03a

[R/Package/reshape2]
Package=reshape2
Version=1.4.3
Source=CRAN
Hash=431389bf4e0708ebafb1dec474f3cba8

[R/Package/rlang]
Package=rlang
Version=0.3.4
Source=CRAN
Hash=11a12baf65c41f898629886455ddebd0

[R/Package/rmarkdown]
Package=rmarkdown
Version=1.12
Source=CRAN
Hash=2e25b932033badfa171a1c6a3de49ef2

[R/Package/rprojroot]
Package=rprojroot
Version=1.3-2
Source=CRAN
Hash=e6c60a758ed15027bf9ba44701d2e01d

[R/Package/rstudioapi]
Package=rstudioapi
Version=0.10
Source=CRAN
Hash=7017924bdb0eb5bc313f4dae2352e65a

[R/Package/rvest]
Package=rvest
Version=0.3.3
Source=CRAN
Hash=5cddae45872b747c661b21487fb804ed

[R/Package/scales]
Package=scales
Version=1.0.0
Source=CRAN
Hash=55f0078e1e49c799686b5cb57f886087

[R/Package/selectr]
Package=selectr
Version=0.4-1
Source=CRAN
Hash=a7129d8308a220ff96d9d994d7f12767

[R/Package/shiny]
Package=shiny
Version=1.3.2
Source=CRAN
Hash=c7492473757ae2186b14dfefc9c491c6

[R/Package/snakecase]
Package=snakecase
Version=0.9.2
Source=CRAN
Hash=37d221a47ab62ca4b033c7cce77c4d87

[R/Package/sourcetools]
Package=sourcetools
Version=0.1.7
Source=CRAN
Hash=78d8b58ebdba4de65b6d07770ae18f8c

[R/Package/stringi]
Package=stringi
Version=1.4.3
Source=CRAN
Hash=173c63cf8b9f876dba8b2984ce7a65d7

[R/Package/stringr]
Package=stringr
Version=1.4.0
Source=CRAN
Hash=813b06afd70ca31c1071395d49346b89

[R/Package/sys]
Package=sys
Version=3.2
Source=CRAN
Hash=fbd1f0866d1755b814c741006ef39a44

[R/Package/tibble]
Package=tibble
Version=2.1.1
Source=CRAN
Hash=7731263493ca3f1c7c868e7bfb5d92aa

[R/Package/tidyr]
Package=tidyr
Version=0.8.3
Source=CRAN
Hash=4cbf3f2ffac9ac51eef66c13bcd0f222

[R/Package/tidyselect]
Package=tidyselect
Version=0.2.5
Source=CRAN
Hash=40aceb5150e00cfe7a4999b4672cf614

[R/Package/tidyverse]
Package=tidyverse
Version=1.2.1
Source=CRAN
Hash=ed06631956271b1fd125d30ca18d3dab

[R/Package/tinytex]
Package=tinytex
Version=0.13
Source=CRAN
Hash=3fa762b0c34186d70b2a51ed2bdcd10c

[R/Package/utf8]
Package=utf8
Version=1.1.4
Source=CRAN
Hash=6399c80981358af7b39c217c72f22785

[R/Package/uuid]
Package=uuid
Version=0.1-2
Source=CRAN
Hash=277fab2e985d591298ea1fa400e884d8

[R/Package/vctrs]
Package=vctrs
Version=0.1.0
Source=CRAN
Hash=c3e8d5d6a3faaa8657f9b20678e13157

[R/Package/viridisLite]
Package=viridisLite
Version=0.3.0
Source=CRAN
Hash=732c3dabc42bce1fafb5d286184804c6

[R/Package/webshot]
Package=webshot
Version=0.5.1
Source=CRAN
Hash=3468b1884a375c73cdb6908224c11278

[R/Package/whisker]
Package=whisker
Version=0.3-2
Source=CRAN
Hash=cf13162701dd6681e36c1ea115deb545

[R/Package/withr]
Package=withr
Version=2.1.2
Source=CRAN
Hash=844aae4b78fac8f6ed2541cde1facdb3

[R/Package/xfun]
Package=xfun
Version=0.7
Source=CRAN
Hash=56d3e9bd4251a3c01c65b0b959b0c9fc

[R/Package/xml2]
Package=xml2
Version=1.2.0
Source=CRAN
Hash=db809854a56ab0487ae935259e53a631

[R/Package/xtable]
Package=xtable
Version=1.8-4
Source=CRAN
Hash=e9e84aa1396826d8671e25862ced7763

[R/Package/yaml]
Package=yaml
Version=2.2.0
Source=CRAN
Hash=9db4f908886820b37f76b5ecc52c76e6

[R/Package/zeallot]
Package=zeallot
Version=0.1.0
Source=CRAN
Hash=51d0973c2f935cae2e50e6687e2bd90b

[R/Package/zip]
Package=zip
Version=2.0.2
Source=CRAN
Hash=fe7397cd1876d5169065c65ac6fd8100

